
Microsoft Visual Studio Solution File, Format Version 12.00
# Visual Studio Version 17
VisualStudioVersion = 17.6.33723.286
MinimumVisualStudioVersion = 10.0.40219.1
Project("{FAE04EC0-301F-11D3-BF4B-00C04F79EFBC}") = "Assignment.API", "Assignment.API\Assignment.API.csproj", "{41B29912-EDF2-48A3-9F05-B1FDE4BC74E3}"
EndProject
Project("{FAE04EC0-301F-11D3-BF4B-00C04F79EFBC}") = "Assignment.Application", "Assignment.Application\Assignment.Application.csproj", "{FABE0724-BF3F-4A1B-B04C-12B9E46F1095}"
EndProject
Project("{FAE04EC0-301F-11D3-BF4B-00C04F79EFBC}") = "Assignment.Data", "Assignment.Data\Assignment.Data.csproj", "{9EE0124F-5F1F-4C17-904D-7399A904467A}"
EndProject
Global
	GlobalSection(SolutionConfigurationPlatforms) = preSolution
		Debug|Any CPU = Debug|Any CPU
		Release|Any CPU = Release|Any CPU
	EndGlobalSection
	GlobalSection(ProjectConfigurationPlatforms) = postSolution
		{41B29912-EDF2-48A3-9F05-B1FDE4BC74E3}.Debug|Any CPU.ActiveCfg = Debug|Any CPU
		{41B29912-EDF2-48A3-9F05-B1FDE4BC74E3}.Debug|Any CPU.Build.0 = Debug|Any CPU
		{41B29912-EDF2-48A3-9F05-B1FDE4BC74E3}.Release|Any CPU.ActiveCfg = Release|Any CPU
		{41B29912-EDF2-48A3-9F05-B1FDE4BC74E3}.Release|Any CPU.Build.0 = Release|Any CPU
		{FABE0724-BF3F-4A1B-B04C-12B9E46F1095}.Debug|Any CPU.ActiveCfg = Debug|Any CPU
		{FABE0724-BF3F-4A1B-B04C-12B9E46F1095}.Debug|Any CPU.Build.0 = Debug|Any CPU
		{FABE0724-BF3F-4A1B-B04C-12B9E46F1095}.Release|Any CPU.ActiveCfg = Release|Any CPU
		{FABE0724-BF3F-4A1B-B04C-12B9E46F1095}.Release|Any CPU.Build.0 = Release|Any CPU
		{9EE0124F-5F1F-4C17-904D-7399A904467A}.Debug|Any CPU.ActiveCfg = Debug|Any CPU
		{9EE0124F-5F1F-4C17-904D-7399A904467A}.Debug|Any CPU.Build.0 = Debug|Any CPU
		{9EE0124F-5F1F-4C17-904D-7399A904467A}.Release|Any CPU.ActiveCfg = Release|Any CPU
		{9EE0124F-5F1F-4C17-904D-7399A904467A}.Release|Any CPU.Build.0 = Release|Any CPU
	EndGlobalSection
	GlobalSection(SolutionProperties) = preSolution
		HideSolutionNode = FALSE
	EndGlobalSection
	GlobalSection(ExtensibilityGlobals) = postSolution
		SolutionGuid = {D5B0A785-19FD-4823-A6CE-76C7392EF512}
	EndGlobalSection
EndGlobal
